# @generated - this file is auto-generated by `mise lock` https://mise.jdx.dev/dev-tools/mise-lock.html

lockfile_version = 1

[[tools.deno]]
version = "2.9.6"
backend = "core:deno"
specifiers = ["2.9.6"]

[tools.deno."platforms.linux-x64"]
checksum = "blake3:caa8c065975fafbf7f3ea4a53c9d71f31721f0c1f91804aa62be47eede6d2ca1"
url = "https://dl.deno.land/release/v2.9.6/deno-x86_64-unknown-linux-gnu.zip"

[tools.deno."platforms.macos-arm64"]
checksum = "sha256:213a2f304f04d3c9cb5220669afad138f60a5aab1fe80962abdeb8f35807a472"
url = "https://dl.deno.land/release/v2.9.6/deno-aarch64-apple-darwin.zip"

[tools.deno."platforms.windows-x64"]
checksum = "sha256:15e5300b0ba3c3695a7621d90160a746ec9e710228cee639afa9d580f6e3cd11"
url = "https://dl.deno.land/release/v2.9.6/deno-x86_64-pc-windows-msvc.zip"

[[tools.node]]
version = "20.19.1"
backend = "core:node"
specifiers = ["20.19.1"]

[tools.node."platforms.linux-x64"]
checksum = "sha256:086ab500a98900a4c05127559b2cec4d659b3aa674453be5028d416de4eb1532"
url = "https://nodejs.org/dist/v20.19.1/node-v20.19.1-linux-x64.tar.gz"

[tools.node."platforms.macos-arm64"]
checksum = "sha256:d3746fee0e00e3a7fedf50633f8e04adb6873b1fe9b5b50c37dff16f64a4f2c7"
url = "https://nodejs.org/dist/v20.19.1/node-v20.19.1-darwin-arm64.tar.gz"

[tools.node."platforms.windows-x64"]
checksum = "sha256:ce04b36022aacc2cf50a8cd0ea2070156710f12f5ea070ccd48705ab090389d2"
url = "https://nodejs.org/dist/v20.19.1/node-v20.19.1-win-x64.zip"

[[tools.python]]
version = "3.13.7"
backend = "core:python"
specifiers = ["3.13.7"]

[tools.python."platforms.linux-x64"]
checksum = "sha256:888fb7e192caafdb33e028f865b7da68dce5e924cfe58fcef96323e175a70e3e"
url = "https://github.com/astral-sh/python-build-standalone/releases/download/20250918/cpython-3.13.7+20250918-x86_64-unknown-linux-gnu-install_only_stripped.tar.gz"
provenance = "github-attestations"

[tools.python."platforms.macos-arm64"]
checksum = "sha256:10f26ea5fc7c4d9c012faf372898a801f34b8fd7730c677576263224d56835fe"
url = "https://github.com/astral-sh/python-build-standalone/releases/download/20250918/cpython-3.13.7+20250918-aarch64-apple-darwin-install_only_stripped.tar.gz"
provenance = "github-attestations"

[tools.python."platforms.windows-x64"]
checksum = "sha256:bc229e5364699a8456b6ceabde8348c75e62312ffd62631dd1e494a1755a45ed"
url = "https://github.com/astral-sh/python-build-standalone/releases/download/20250918/cpython-3.13.7+20250918-x86_64-pc-windows-msvc-install_only_stripped.tar.gz"
provenance = "github-attestations"
